
Microsoft Visual Studio Solution File, Format Version 12.00
# Visual Studio Version 16
VisualStudioVersion = 16.0.33214.272
MinimumVisualStudioVersion = 10.0.40219.1
Project("{FAE04EC0-301F-11D3-BF4B-00C04F79EFBC}") = "ApplicationLayer", "ApplicationLayer.csproj", "{E5ED3763-8ADC-4649-AA9D-3BF93FD51F3D}"
EndProject
Project("{FAE04EC0-301F-11D3-BF4B-00C04F79EFBC}") = "BusinessLogicLayer", "..\BusinessLogicLayer\BusinessLogicLayer.csproj", "{D06261DC-9722-49F3-82DD-9736B83F293E}"
EndProject
Project("{FAE04EC0-301F-11D3-BF4B-00C04F79EFBC}") = "DataAccessLayer", "..\DataAccessLayer\DataAccessLayer.csproj", "{F4DCEBA4-C005-4A40-AD93-8B405B6EA48A}"
EndProject
Global
	GlobalSection(SolutionConfigurationPlatforms) = preSolution
		Debug|Any CPU = Debug|Any CPU
		Release|Any CPU = Release|Any CPU
	EndGlobalSection
	GlobalSection(ProjectConfigurationPlatforms) = postSolution
		{E5ED3763-8ADC-4649-AA9D-3BF93FD51F3D}.Debug|Any CPU.ActiveCfg = Debug|Any CPU
		{E5ED3763-8ADC-4649-AA9D-3BF93FD51F3D}.Debug|Any CPU.Build.0 = Debug|Any CPU
		{E5ED3763-8ADC-4649-AA9D-3BF93FD51F3D}.Release|Any CPU.ActiveCfg = Release|Any CPU
		{E5ED3763-8ADC-4649-AA9D-3BF93FD51F3D}.Release|Any CPU.Build.0 = Release|Any CPU
		{D06261DC-9722-49F3-82DD-9736B83F293E}.Debug|Any CPU.ActiveCfg = Debug|Any CPU
		{D06261DC-9722-49F3-82DD-9736B83F293E}.Debug|Any CPU.Build.0 = Debug|Any CPU
		{D06261DC-9722-49F3-82DD-9736B83F293E}.Release|Any CPU.ActiveCfg = Release|Any CPU
		{D06261DC-9722-49F3-82DD-9736B83F293E}.Release|Any CPU.Build.0 = Release|Any CPU
		{F4DCEBA4-C005-4A40-AD93-8B405B6EA48A}.Debug|Any CPU.ActiveCfg = Debug|Any CPU
		{F4DCEBA4-C005-4A40-AD93-8B405B6EA48A}.Debug|Any CPU.Build.0 = Debug|Any CPU
		{F4DCEBA4-C005-4A40-AD93-8B405B6EA48A}.Release|Any CPU.ActiveCfg = Release|Any CPU
		{F4DCEBA4-C005-4A40-AD93-8B405B6EA48A}.Release|Any CPU.Build.0 = Release|Any CPU
	EndGlobalSection
	GlobalSection(SolutionProperties) = preSolution
		HideSolutionNode = FALSE
	EndGlobalSection
	GlobalSection(ExtensibilityGlobals) = postSolution
		SolutionGuid = {53A09868-C8E8-4270-818C-43857734F799}
	EndGlobalSection
EndGlobal
